// !$*UTF8*$!
{
	archiveVersion = 1;
	classes = {
	};
	objectVersion = 56;
	objects = {

/* Begin PBXBuildFile section */
		914BF6782C2B3D5300BDE4E0 /* SkilibraSpaApp.swift in Sources */ = {isa = PBXBuildFile; fileRef = 914BF6772C2B3D5300BDE4E0 /* SkilibraSpaApp.swift */; };
		914BF67C2C2B3D5400BDE4E0 /* Assets.xcassets in Resources */ = {isa = PBXBuildFile; fileRef = 914BF67B2C2B3D5400BDE4E0 /* Assets.xcassets */; };
		914BF6802C2B3D5400BDE4E0 /* Preview Assets.xcassets in Resources */ = {isa = PBXBuildFile; fileRef = 914BF67F2C2B3D5400BDE4E0 /* Preview Assets.xcassets */; };
		914BF68A2C2B3D5400BDE4E0 /* SkilibraSpaTests.swift in Sources */ = {isa = PBXBuildFile; fileRef = 914BF6892C2B3D5400BDE4E0 /* SkilibraSpaTests.swift */; };
		914BF6942C2B3D5400BDE4E0 /* SkilibraSpaUITests.swift in Sources */ = {isa = PBXBuildFile; fileRef = 914BF6932C2B3D5400BDE4E0 /* SkilibraSpaUITests.swift */; };
		914BF6962C2B3D5400BDE4E0 /* SkilibraSpaUITestsLaunchTests.swift in Sources */ = {isa = PBXBuildFile; fileRef = 914BF6952C2B3D5400BDE4E0 /* SkilibraSpaUITestsLaunchTests.swift */; };
		914BF6A42C2B3EFD00BDE4E0 /* WelcomeView.swift in Sources */ = {isa = PBXBuildFile; fileRef = 914BF6A32C2B3EFD00BDE4E0 /* WelcomeView.swift */; };
		914BF6A92C2B418B00BDE4E0 /* TextsHelper.swift in Sources */ = {isa = PBXBuildFile; fileRef = 914BF6A82C2B418B00BDE4E0 /* TextsHelper.swift */; };
		914BF6AB2C2B46CA00BDE4E0 /* ButtonsHelper.swift in Sources */ = {isa = PBXBuildFile; fileRef = 914BF6AA2C2B46CA00BDE4E0 /* ButtonsHelper.swift */; };
		918992D22C2B8C8400EFBFA1 /* RegisterView.swift in Sources */ = {isa = PBXBuildFile; fileRef = 918992D12C2B8C8400EFBFA1 /* RegisterView.swift */; };
		918992D42C2B8CD600EFBFA1 /* UserModel.swift in Sources */ = {isa = PBXBuildFile; fileRef = 918992D32C2B8CD600EFBFA1 /* UserModel.swift */; };
		918992D62C2B8CEF00EFBFA1 /* RegisterViewModel.swift in Sources */ = {isa = PBXBuildFile; fileRef = 918992D52C2B8CEF00EFBFA1 /* RegisterViewModel.swift */; };
		918992D82C2B941400EFBFA1 /* TextFieldsHelper.swift in Sources */ = {isa = PBXBuildFile; fileRef = 918992D72C2B941400EFBFA1 /* TextFieldsHelper.swift */; };
/* End PBXBuildFile section */

/* Begin PBXContainerItemProxy section */
		914BF6862C2B3D5400BDE4E0 /* PBXContainerItemProxy */ = {
			isa = PBXContainerItemProxy;
			containerPortal = 914BF66C2C2B3D5300BDE4E0 /* Project object */;
			proxyType = 1;
			remoteGlobalIDString = 914BF6732C2B3D5300BDE4E0;
			remoteInfo = SkilibraSpa;
		};
		914BF6902C2B3D5400BDE4E0 /* PBXContainerItemProxy */ = {
			isa = PBXContainerItemProxy;
			containerPortal = 914BF66C2C2B3D5300BDE4E0 /* Project object */;
			proxyType = 1;
			remoteGlobalIDString = 914BF6732C2B3D5300BDE4E0;
			remoteInfo = SkilibraSpa;
		};
/* End PBXContainerItemProxy section */

/* Begin PBXFileReference section */
		914BF6742C2B3D5300BDE4E0 /* SkilibraSpa.app */ = {isa = PBXFileReference; explicitFileType = wrapper.application; includeInIndex = 0; path = SkilibraSpa.app; sourceTree = BUILT_PRODUCTS_DIR; };
		914BF6772C2B3D5300BDE4E0 /* SkilibraSpaApp.swift */ = {isa = PBXFileReference; lastKnownFileType = sourcecode.swift; path = SkilibraSpaApp.swift; sourceTree = "<group>"; };
		914BF67B2C2B3D5400BDE4E0 /* Assets.xcassets */ = {isa = PBXFileReference; lastKnownFileType = folder.assetcatalog; path = Assets.xcassets; sourceTree = "<group>"; };
		914BF67D2C2B3D5400BDE4E0 /* SkilibraSpa.entitlements */ = {isa = PBXFileReference; lastKnownFileType = text.plist.entitlements; path = SkilibraSpa.entitlements; sourceTree = "<group>"; };
		914BF67F2C2B3D5400BDE4E0 /* Preview Assets.xcassets */ = {isa = PBXFileReference; lastKnownFileType = folder.assetcatalog; path = "Preview Assets.xcassets"; sourceTree = "<group>"; };
		914BF6852C2B3D5400BDE4E0 /* SkilibraSpaTests.xctest */ = {isa = PBXFileReference; explicitFileType = wrapper.cfbundle; includeInIndex = 0; path = SkilibraSpaTests.xctest; sourceTree = BUILT_PRODUCTS_DIR; };
		914BF6892C2B3D5400BDE4E0 /* SkilibraSpaTests.swift */ = {isa = PBXFileReference; lastKnownFileType = sourcecode.swift; path = SkilibraSpaTests.swift; sourceTree = "<group>"; };
		914BF68F2C2B3D5400BDE4E0 /* SkilibraSpaUITests.xctest */ = {isa = PBXFileReference; explicitFileType = wrapper.cfbundle; includeInIndex = 0; path = SkilibraSpaUITests.xctest; sourceTree = BUILT_PRODUCTS_DIR; };
		914BF6932C2B3D5400BDE4E0 /* SkilibraSpaUITests.swift */ = {isa = PBXFileReference; lastKnownFileType = sourcecode.swift; path = SkilibraSpaUITests.swift; sourceTree = "<group>"; };
		914BF6952C2B3D5400BDE4E0 /* SkilibraSpaUITestsLaunchTests.swift */ = {isa = PBXFileReference; lastKnownFileType = sourcecode.swift; path = SkilibraSpaUITestsLaunchTests.swift; sourceTree = "<group>"; };
		914BF6A32C2B3EFD00BDE4E0 /* WelcomeView.swift */ = {isa = PBXFileReference; lastKnownFileType = sourcecode.swift; path = WelcomeView.swift; sourceTree = SOURCE_ROOT; };
		914BF6A82C2B418B00BDE4E0 /* TextsHelper.swift */ = {isa = PBXFileReference; lastKnownFileType = sourcecode.swift; path = TextsHelper.swift; sourceTree = "<group>"; };
		914BF6AA2C2B46CA00BDE4E0 /* ButtonsHelper.swift */ = {isa = PBXFileReference; lastKnownFileType = sourcecode.swift; path = ButtonsHelper.swift; sourceTree = "<group>"; };
		918992D12C2B8C8400EFBFA1 /* RegisterView.swift */ = {isa = PBXFileReference; lastKnownFileType = sourcecode.swift; path = RegisterView.swift; sourceTree = "<group>"; };
		918992D32C2B8CD600EFBFA1 /* UserModel.swift */ = {isa = PBXFileReference; lastKnownFileType = sourcecode.swift; path = UserModel.swift; sourceTree = "<group>"; };
		918992D52C2B8CEF00EFBFA1 /* RegisterViewModel.swift */ = {isa = PBXFileReference; lastKnownFileType = sourcecode.swift; path = RegisterViewModel.swift; sourceTree = "<group>"; };
		918992D72C2B941400EFBFA1 /* TextFieldsHelper.swift */ = {isa = PBXFileReference; lastKnownFileType = sourcecode.swift; path = TextFieldsHelper.swift; sourceTree = "<group>"; };
/* End PBXFileReference section */

/* Begin PBXFrameworksBuildPhase section */
		914BF6712C2B3D5300BDE4E0 /* Frameworks */ = {
			isa = PBXFrameworksBuildPhase;
			buildActionMask = 2147483647;
			files = (
			);
			runOnlyForDeploymentPostprocessing = 0;
		};
		914BF6822C2B3D5400BDE4E0 /* Frameworks */ = {
			isa = PBXFrameworksBuildPhase;
			buildActionMask = 2147483647;
			files = (
			);
			runOnlyForDeploymentPostprocessing = 0;
		};
		914BF68C2C2B3D5400BDE4E0 /* Frameworks */ = {
			isa = PBXFrameworksBuildPhase;
			buildActionMask = 2147483647;
			files = (
			);
			runOnlyForDeploymentPostprocessing = 0;
		};
/* End PBXFrameworksBuildPhase section */

/* Begin PBXGroup section */
		914BF66B2C2B3D5300BDE4E0 = {
			isa = PBXGroup;
			children = (
				914BF6762C2B3D5300BDE4E0 /* SkilibraSpa */,
				914BF6882C2B3D5400BDE4E0 /* SkilibraSpaTests */,
				914BF6922C2B3D5400BDE4E0 /* SkilibraSpaUITests */,
				914BF6752C2B3D5300BDE4E0 /* Products */,
			);
			sourceTree = "<group>";
		};
		914BF6752C2B3D5300BDE4E0 /* Products */ = {
			isa = PBXGroup;
			children = (
				914BF6742C2B3D5300BDE4E0 /* SkilibraSpa.app */,
				914BF6852C2B3D5400BDE4E0 /* SkilibraSpaTests.xctest */,
				914BF68F2C2B3D5400BDE4E0 /* SkilibraSpaUITests.xctest */,
			);
			name = Products;
			sourceTree = "<group>";
		};
		914BF6762C2B3D5300BDE4E0 /* SkilibraSpa */ = {
			isa = PBXGroup;
			children = (
				914BF6A72C2B416F00BDE4E0 /* Helpers */,
				914BF6A22C2B3EC700BDE4E0 /* WelcomeView */,
				918992D02C2B8C7400EFBFA1 /* RegisterView */,
				914BF6772C2B3D5300BDE4E0 /* SkilibraSpaApp.swift */,
				914BF67B2C2B3D5400BDE4E0 /* Assets.xcassets */,
				914BF67D2C2B3D5400BDE4E0 /* SkilibraSpa.entitlements */,
				914BF67E2C2B3D5400BDE4E0 /* Preview Content */,
			);
			path = SkilibraSpa;
			sourceTree = "<group>";
		};
		914BF67E2C2B3D5400BDE4E0 /* Preview Content */ = {
			isa = PBXGroup;
			children = (
				914BF67F2C2B3D5400BDE4E0 /* Preview Assets.xcassets */,
			);
			path = "Preview Content";
			sourceTree = "<group>";
		};
		914BF6882C2B3D5400BDE4E0 /* SkilibraSpaTests */ = {
			isa = PBXGroup;
			children = (
				914BF6892C2B3D5400BDE4E0 /* SkilibraSpaTests.swift */,
			);
			path = SkilibraSpaTests;
			sourceTree = "<group>";
		};
		914BF6922C2B3D5400BDE4E0 /* SkilibraSpaUITests */ = {
			isa = PBXGroup;
			children = (
				914BF6932C2B3D5400BDE4E0 /* SkilibraSpaUITests.swift */,
				914BF6952C2B3D5400BDE4E0 /* SkilibraSpaUITestsLaunchTests.swift */,
			);
			path = SkilibraSpaUITests;
			sourceTree = "<group>";
		};
		914BF6A22C2B3EC700BDE4E0 /* WelcomeView */ = {
			isa = PBXGroup;
			children = (
				914BF6A32C2B3EFD00BDE4E0 /* WelcomeView.swift */,
			);
			path = WelcomeView;
			sourceTree = "<group>";
		};
		914BF6A72C2B416F00BDE4E0 /* Helpers */ = {
			isa = PBXGroup;
			children = (
				914BF6A82C2B418B00BDE4E0 /* TextsHelper.swift */,
				914BF6AA2C2B46CA00BDE4E0 /* ButtonsHelper.swift */,
				918992D72C2B941400EFBFA1 /* TextFieldsHelper.swift */,
			);
			path = Helpers;
			sourceTree = "<group>";
		};
		918992D02C2B8C7400EFBFA1 /* RegisterView */ = {
			isa = PBXGroup;
			children = (
				918992D32C2B8CD600EFBFA1 /* UserModel.swift */,
				918992D52C2B8CEF00EFBFA1 /* RegisterViewModel.swift */,
				918992D12C2B8C8400EFBFA1 /* RegisterView.swift */,
			);
			path = RegisterView;
			sourceTree = "<group>";
		};
/* End PBXGroup section */

/* Begin PBXNativeTarget section */
		914BF6732C2B3D5300BDE4E0 /* SkilibraSpa */ = {
			isa = PBXNativeTarget;
			buildConfigurationList = 914BF6992C2B3D5400BDE4E0 /* Build configuration list for PBXNativeTarget "SkilibraSpa" */;
			buildPhases = (
				914BF6702C2B3D5300BDE4E0 /* Sources */,
				914BF6712C2B3D5300BDE4E0 /* Frameworks */,
				914BF6722C2B3D5300BDE4E0 /* Resources */,
			);
			buildRules = (
			);
			dependencies = (
			);
			name = SkilibraSpa;
			productName = SkilibraSpa;
			productReference = 914BF6742C2B3D5300BDE4E0 /* SkilibraSpa.app */;
			productType = "com.apple.product-type.application";
		};
		914BF6842C2B3D5400BDE4E0 /* SkilibraSpaTests */ = {
			isa = PBXNativeTarget;
			buildConfigurationList = 914BF69C2C2B3D5400BDE4E0 /* Build configuration list for PBXNativeTarget "SkilibraSpaTests" */;
			buildPhases = (
				914BF6812C2B3D5400BDE4E0 /* Sources */,
				914BF6822C2B3D5400BDE4E0 /* Frameworks */,
				914BF6832C2B3D5400BDE4E0 /* Resources */,
			);
			buildRules = (
			);
			dependencies = (
				914BF6872C2B3D5400BDE4E0 /* PBXTargetDependency */,
			);
			name = SkilibraSpaTests;
			productName = SkilibraSpaTests;
			productReference = 914BF6852C2B3D5400BDE4E0 /* SkilibraSpaTests.xctest */;
			productType = "com.apple.product-type.bundle.unit-test";
		};
		914BF68E2C2B3D5400BDE4E0 /* SkilibraSpaUITests */ = {
			isa = PBXNativeTarget;
			buildConfigurationList = 914BF69F2C2B3D5400BDE4E0 /* Build configuration list for PBXNativeTarget "SkilibraSpaUITests" */;
			buildPhases = (
				914BF68B2C2B3D5400BDE4E0 /* Sources */,
				914BF68C2C2B3D5400BDE4E0 /* Frameworks */,
				914BF68D2C2B3D5400BDE4E0 /* Resources */,
			);
			buildRules = (
			);
			dependencies = (
				914BF6912C2B3D5400BDE4E0 /* PBXTargetDependency */,
			);
			name = SkilibraSpaUITests;
			productName = SkilibraSpaUITests;
			productReference = 914BF68F2C2B3D5400BDE4E0 /* SkilibraSpaUITests.xctest */;
			productType = "com.apple.product-type.bundle.ui-testing";
		};
/* End PBXNativeTarget section */

/* Begin PBXProject section */
		914BF66C2C2B3D5300BDE4E0 /* Project object */ = {
			isa = PBXProject;
			attributes = {
				BuildIndependentTargetsInParallel = 1;
				LastSwiftUpdateCheck = 1540;
				LastUpgradeCheck = 1540;
				TargetAttributes = {
					914BF6732C2B3D5300BDE4E0 = {
						CreatedOnToolsVersion = 15.4;
					};
					914BF6842C2B3D5400BDE4E0 = {
						CreatedOnToolsVersion = 15.4;
						TestTargetID = 914BF6732C2B3D5300BDE4E0;
					};
					914BF68E2C2B3D5400BDE4E0 = {
						CreatedOnToolsVersion = 15.4;
						TestTargetID = 914BF6732C2B3D5300BDE4E0;
					};
				};
			};
			buildConfigurationList = 914BF66F2C2B3D5300BDE4E0 /* Build configuration list for PBXProject "SkilibraSpa" */;
			compatibilityVersion = "Xcode 14.0";
			developmentRegion = en;
			hasScannedForEncodings = 0;
			knownRegions = (
				en,
				Base,
			);
			mainGroup = 914BF66B2C2B3D5300BDE4E0;
			productRefGroup = 914BF6752C2B3D5300BDE4E0 /* Products */;
			projectDirPath = "";
			projectRoot = "";
			targets = (
				914BF6732C2B3D5300BDE4E0 /* SkilibraSpa */,
				914BF6842C2B3D5400BDE4E0 /* SkilibraSpaTests */,
				914BF68E2C2B3D5400BDE4E0 /* SkilibraSpaUITests */,
			);
		};
/* End PBXProject section */

/* Begin PBXResourcesBuildPhase section */
		914BF6722C2B3D5300BDE4E0 /* Resources */ = {
			isa = PBXResourcesBuildPhase;
			buildActionMask = 2147483647;
			files = (
				914BF6802C2B3D5400BDE4E0 /* Preview Assets.xcassets in Resources */,
				914BF67C2C2B3D5400BDE4E0 /* Assets.xcassets in Resources */,
			);
			runOnlyForDeploymentPostprocessing = 0;
		};
		914BF6832C2B3D5400BDE4E0 /* Resources */ = {
			isa = PBXResourcesBuildPhase;
			buildActionMask = 2147483647;
			files = (
			);
			runOnlyForDeploymentPostprocessing = 0;
		};
		914BF68D2C2B3D5400BDE4E0 /* Resources */ = {
			isa = PBXResourcesBuildPhase;
			buildActionMask = 2147483647;
			files = (
			);
			runOnlyForDeploymentPostprocessing = 0;
		};
/* End PBXResourcesBuildPhase section */

/* Begin PBXSourcesBuildPhase section */
		914BF6702C2B3D5300BDE4E0 /* Sources */ = {
			isa = PBXSourcesBuildPhase;
			buildActionMask = 2147483647;
			files = (
				914BF6A92C2B418B00BDE4E0 /* TextsHelper.swift in Sources */,
				918992D22C2B8C8400EFBFA1 /* RegisterView.swift in Sources */,
				918992D62C2B8CEF00EFBFA1 /* RegisterViewModel.swift in Sources */,
				918992D42C2B8CD600EFBFA1 /* UserModel.swift in Sources */,
				914BF6AB2C2B46CA00BDE4E0 /* ButtonsHelper.swift in Sources */,
				918992D82C2B941400EFBFA1 /* TextFieldsHelper.swift in Sources */,
				914BF6A42C2B3EFD00BDE4E0 /* WelcomeView.swift in Sources */,
				914BF6782C2B3D5300BDE4E0 /* SkilibraSpaApp.swift in Sources */,
			);
			runOnlyForDeploymentPostprocessing = 0;
		};
		914BF6812C2B3D5400BDE4E0 /* Sources */ = {
			isa = PBXSourcesBuildPhase;
			buildActionMask = 2147483647;
			files = (
				914BF68A2C2B3D5400BDE4E0 /* SkilibraSpaTests.swift in Sources */,
			);
			runOnlyForDeploymentPostprocessing = 0;
		};
		914BF68B2C2B3D5400BDE4E0 /* Sources */ = {
			isa = PBXSourcesBuildPhase;
			buildActionMask = 2147483647;
			files = (
				914BF6962C2B3D5400BDE4E0 /* SkilibraSpaUITestsLaunchTests.swift in Sources */,
				914BF6942C2B3D5400BDE4E0 /* SkilibraSpaUITests.swift in Sources */,
			);
			runOnlyForDeploymentPostprocessing = 0;
		};
/* End PBXSourcesBuildPhase section */

/* Begin PBXTargetDependency section */
		914BF6872C2B3D5400BDE4E0 /* PBXTargetDependency */ = {
			isa = PBXTargetDependency;
			target = 914BF6732C2B3D5300BDE4E0 /* SkilibraSpa */;
			targetProxy = 914BF6862C2B3D5400BDE4E0 /* PBXContainerItemProxy */;
		};
		914BF6912C2B3D5400BDE4E0 /* PBXTargetDependency */ = {
			isa = PBXTargetDependency;
			target = 914BF6732C2B3D5300BDE4E0 /* SkilibraSpa */;
			targetProxy = 914BF6902C2B3D5400BDE4E0 /* PBXContainerItemProxy */;
		};
/* End PBXTargetDependency section */

/* Begin XCBuildConfiguration section */
		914BF6972C2B3D5400BDE4E0 /* Debug */ = {
			isa = XCBuildConfiguration;
			buildSettings = {
				ALWAYS_SEARCH_USER_PATHS = NO;
				ASSETCATALOG_COMPILER_GENERATE_SWIFT_ASSET_SYMBOL_EXTENSIONS = YES;
				CLANG_ANALYZER_NONNULL = YES;
				CLANG_ANALYZER_NUMBER_OBJECT_CONVERSION = YES_AGGRESSIVE;
				CLANG_CXX_LANGUAGE_STANDARD = "gnu++20";
				CLANG_ENABLE_MODULES = YES;
				CLANG_ENABLE_OBJC_ARC = YES;
				CLANG_ENABLE_OBJC_WEAK = YES;
				CLANG_WARN_BLOCK_CAPTURE_AUTORELEASING = YES;
				CLANG_WARN_BOOL_CONVERSION = YES;
				CLANG_WARN_COMMA = YES;
				CLANG_WARN_CONSTANT_CONVERSION = YES;
				CLANG_WARN_DEPRECATED_OBJC_IMPLEMENTATIONS = YES;
				CLANG_WARN_DIRECT_OBJC_ISA_USAGE = YES_ERROR;
				CLANG_WARN_DOCUMENTATION_COMMENTS = YES;
				CLANG_WARN_EMPTY_BODY = YES;
				CLANG_WARN_ENUM_CONVERSION = YES;
				CLANG_WARN_INFINITE_RECURSION = YES;
				CLANG_WARN_INT_CONVERSION = YES;
				CLANG_WARN_NON_LITERAL_NULL_CONVERSION = YES;
				CLANG_WARN_OBJC_IMPLICIT_RETAIN_SELF = YES;
				CLANG_WARN_OBJC_LITERAL_CONVERSION = YES;
				CLANG_WARN_OBJC_ROOT_CLASS = YES_ERROR;
				CLANG_WARN_QUOTED_INCLUDE_IN_FRAMEWORK_HEADER = YES;
				CLANG_WARN_RANGE_LOOP_ANALYSIS = YES;
				CLANG_WARN_STRICT_PROTOTYPES = YES;
				CLANG_WARN_SUSPICIOUS_MOVE = YES;
				CLANG_WARN_UNGUARDED_AVAILABILITY = YES_AGGRESSIVE;
				CLANG_WARN_UNREACHABLE_CODE = YES;
				CLANG_WARN__DUPLICATE_METHOD_MATCH = YES;
				COPY_PHASE_STRIP = NO;
				DEBUG_INFORMATION_FORMAT = dwarf;
				ENABLE_STRICT_OBJC_MSGSEND = YES;
				ENABLE_TESTABILITY = YES;
				ENABLE_USER_SCRIPT_SANDBOXING = YES;
				GCC_C_LANGUAGE_STANDARD = gnu17;
				GCC_DYNAMIC_NO_PIC = NO;
				GCC_NO_COMMON_BLOCKS = YES;
				GCC_OPTIMIZATION_LEVEL = 0;
				GCC_PREPROCESSOR_DEFINITIONS = (
					"DEBUG=1",
					"$(inherited)",
				);
				GCC_WARN_64_TO_32_BIT_CONVERSION = YES;
				GCC_WARN_ABOUT_RETURN_TYPE = YES_ERROR;
				GCC_WARN_UNDECLARED_SELECTOR = YES;
				GCC_WARN_UNINITIALIZED_AUTOS = YES_AGGRESSIVE;
				GCC_WARN_UNUSED_FUNCTION = YES;
				GCC_WARN_UNUSED_VARIABLE = YES;
				LOCALIZATION_PREFERS_STRING_CATALOGS = YES;
				MTL_ENABLE_DEBUG_INFO = INCLUDE_SOURCE;
				MTL_FAST_MATH = YES;
				ONLY_ACTIVE_ARCH = YES;
				SWIFT_ACTIVE_COMPILATION_CONDITIONS = "DEBUG $(inherited)";
				SWIFT_OPTIMIZATION_LEVEL = "-Onone";
			};
			name = Debug;
		};
		914BF6982C2B3D5400BDE4E0 /* Release */ = {
			isa = XCBuildConfiguration;
			buildSettings = {
				ALWAYS_SEARCH_USER_PATHS = NO;
				ASSETCATALOG_COMPILER_GENERATE_SWIFT_ASSET_SYMBOL_EXTENSIONS = YES;
				CLANG_ANALYZER_NONNULL = YES;
				CLANG_ANALYZER_NUMBER_OBJECT_CONVERSION = YES_AGGRESSIVE;
				CLANG_CXX_LANGUAGE_STANDARD = "gnu++20";
				CLANG_ENABLE_MODULES = YES;
				CLANG_ENABLE_OBJC_ARC = YES;
				CLANG_ENABLE_OBJC_WEAK = YES;
				CLANG_WARN_BLOCK_CAPTURE_AUTORELEASING = YES;
				CLANG_WARN_BOOL_CONVERSION = YES;
				CLANG_WARN_COMMA = YES;
				CLANG_WARN_CONSTANT_CONVERSION = YES;
				CLANG_WARN_DEPRECATED_OBJC_IMPLEMENTATIONS = YES;
				CLANG_WARN_DIRECT_OBJC_ISA_USAGE = YES_ERROR;
				CLANG_WARN_DOCUMENTATION_COMMENTS = YES;
				CLANG_WARN_EMPTY_BODY = YES;
				CLANG_WARN_ENUM_CONVERSION = YES;
				CLANG_WARN_INFINITE_RECURSION = YES;
				CLANG_WARN_INT_CONVERSION = YES;
				CLANG_WARN_NON_LITERAL_NULL_CONVERSION = YES;
				CLANG_WARN_OBJC_IMPLICIT_RETAIN_SELF = YES;
				CLANG_WARN_OBJC_LITERAL_CONVERSION = YES;
				CLANG_WARN_OBJC_ROOT_CLASS = YES_ERROR;
				CLANG_WARN_QUOTED_INCLUDE_IN_FRAMEWORK_HEADER = YES;
				CLANG_WARN_RANGE_LOOP_ANALYSIS = YES;
				CLANG_WARN_STRICT_PROTOTYPES = YES;
				CLANG_WARN_SUSPICIOUS_MOVE = YES;
				CLANG_WARN_UNGUARDED_AVAILABILITY = YES_AGGRESSIVE;
				CLANG_WARN_UNREACHABLE_CODE = YES;
				CLANG_WARN__DUPLICATE_METHOD_MATCH = YES;
				COPY_PHASE_STRIP = NO;
				DEBUG_INFORMATION_FORMAT = "dwarf-with-dsym";
				ENABLE_NS_ASSERTIONS = NO;
				ENABLE_STRICT_OBJC_MSGSEND = YES;
				ENABLE_USER_SCRIPT_SANDBOXING = YES;
				GCC_C_LANGUAGE_STANDARD = gnu17;
				GCC_NO_COMMON_BLOCKS = YES;
				GCC_WARN_64_TO_32_BIT_CONVERSION = YES;
				GCC_WARN_ABOUT_RETURN_TYPE = YES_ERROR;
				GCC_WARN_UNDECLARED_SELECTOR = YES;
				GCC_WARN_UNINITIALIZED_AUTOS = YES_AGGRESSIVE;
				GCC_WARN_UNUSED_FUNCTION = YES;
				GCC_WARN_UNUSED_VARIABLE = YES;
				LOCALIZATION_PREFERS_STRING_CATALOGS = YES;
				MTL_ENABLE_DEBUG_INFO = NO;
				MTL_FAST_MATH = YES;
				SWIFT_COMPILATION_MODE = wholemodule;
			};
			name = Release;
		};
		914BF69A2C2B3D5400BDE4E0 /* Debug */ = {
			isa = XCBuildConfiguration;
			buildSettings = {
				ASSETCATALOG_COMPILER_APPICON_NAME = AppIcon;
				ASSETCATALOG_COMPILER_GLOBAL_ACCENT_COLOR_NAME = AccentColor;
				CODE_SIGN_ENTITLEMENTS = SkilibraSpa/SkilibraSpa.entitlements;
				CODE_SIGN_STYLE = Automatic;
				CURRENT_PROJECT_VERSION = 1;
				DEVELOPMENT_ASSET_PATHS = "\"SkilibraSpa/Preview Content\"";
				DEVELOPMENT_TEAM = W354C4N4JZ;
				ENABLE_HARDENED_RUNTIME = YES;
				ENABLE_PREVIEWS = YES;
				GENERATE_INFOPLIST_FILE = YES;
				"INFOPLIST_KEY_UIApplicationSceneManifest_Generation[sdk=iphoneos*]" = YES;
				"INFOPLIST_KEY_UIApplicationSceneManifest_Generation[sdk=iphonesimulator*]" = YES;
				"INFOPLIST_KEY_UIApplicationSupportsIndirectInputEvents[sdk=iphoneos*]" = YES;
				"INFOPLIST_KEY_UIApplicationSupportsIndirectInputEvents[sdk=iphonesimulator*]" = YES;
				"INFOPLIST_KEY_UILaunchScreen_Generation[sdk=iphoneos*]" = YES;
				"INFOPLIST_KEY_UILaunchScreen_Generation[sdk=iphonesimulator*]" = YES;
				"INFOPLIST_KEY_UIStatusBarStyle[sdk=iphoneos*]" = UIStatusBarStyleDefault;
				"INFOPLIST_KEY_UIStatusBarStyle[sdk=iphonesimulator*]" = UIStatusBarStyleDefault;
				INFOPLIST_KEY_UISupportedInterfaceOrientations_iPad = "UIInterfaceOrientationPortrait UIInterfaceOrientationPortraitUpsideDown UIInterfaceOrientationLandscapeLeft UIInterfaceOrientationLandscapeRight";
				INFOPLIST_KEY_UISupportedInterfaceOrientations_iPhone = "UIInterfaceOrientationPortrait UIInterfaceOrientationLandscapeLeft UIInterfaceOrientationLandscapeRight";
				IPHONEOS_DEPLOYMENT_TARGET = 17.5;
				LD_RUNPATH_SEARCH_PATHS = "@executable_path/Frameworks";
				"LD_RUNPATH_SEARCH_PATHS[sdk=macosx*]" = "@executable_path/../Frameworks";
				MACOSX_DEPLOYMENT_TARGET = 14.5;
				MARKETING_VERSION = 1.0;
				PRODUCT_BUNDLE_IDENTIFIER = judagonsa.SkilibraSpa;
				PRODUCT_NAME = "$(TARGET_NAME)";
				SDKROOT = auto;
				SUPPORTED_PLATFORMS = "iphoneos iphonesimulator macosx";
				SWIFT_EMIT_LOC_STRINGS = YES;
				SWIFT_VERSION = 5.0;
				TARGETED_DEVICE_FAMILY = "1,2";
			};
			name = Debug;
		};
		914BF69B2C2B3D5400BDE4E0 /* Release */ = {
			isa = XCBuildConfiguration;
			buildSettings = {
				ASSETCATALOG_COMPILER_APPICON_NAME = AppIcon;
				ASSETCATALOG_COMPILER_GLOBAL_ACCENT_COLOR_NAME = AccentColor;
				CODE_SIGN_ENTITLEMENTS = SkilibraSpa/SkilibraSpa.entitlements;
				CODE_SIGN_STYLE = Automatic;
				CURRENT_PROJECT_VERSION = 1;
				DEVELOPMENT_ASSET_PATHS = "\"SkilibraSpa/Preview Content\"";
				DEVELOPMENT_TEAM = W354C4N4JZ;
				ENABLE_HARDENED_RUNTIME = YES;
				ENABLE_PREVIEWS = YES;
				GENERATE_INFOPLIST_FILE = YES;
				"INFOPLIST_KEY_UIApplicationSceneManifest_Generation[sdk=iphoneos*]" = YES;
				"INFOPLIST_KEY_UIApplicationSceneManifest_Generation[sdk=iphonesimulator*]" = YES;
				"INFOPLIST_KEY_UIApplicationSupportsIndirectInputEvents[sdk=iphoneos*]" = YES;
				"INFOPLIST_KEY_UIApplicationSupportsIndirectInputEvents[sdk=iphonesimulator*]" = YES;
				"INFOPLIST_KEY_UILaunchScreen_Generation[sdk=iphoneos*]" = YES;
				"INFOPLIST_KEY_UILaunchScreen_Generation[sdk=iphonesimulator*]" = YES;
				"INFOPLIST_KEY_UIStatusBarStyle[sdk=iphoneos*]" = UIStatusBarStyleDefault;
				"INFOPLIST_KEY_UIStatusBarStyle[sdk=iphonesimulator*]" = UIStatusBarStyleDefault;
				INFOPLIST_KEY_UISupportedInterfaceOrientations_iPad = "UIInterfaceOrientationPortrait UIInterfaceOrientationPortraitUpsideDown UIInterfaceOrientationLandscapeLeft UIInterfaceOrientationLandscapeRight";
				INFOPLIST_KEY_UISupportedInterfaceOrientations_iPhone = "UIInterfaceOrientationPortrait UIInterfaceOrientationLandscapeLeft UIInterfaceOrientationLandscapeRight";
				IPHONEOS_DEPLOYMENT_TARGET = 17.5;
				LD_RUNPATH_SEARCH_PATHS = "@executable_path/Frameworks";
				"LD_RUNPATH_SEARCH_PATHS[sdk=macosx*]" = "@executable_path/../Frameworks";
				MACOSX_DEPLOYMENT_TARGET = 14.5;
				MARKETING_VERSION = 1.0;
				PRODUCT_BUNDLE_IDENTIFIER = judagonsa.SkilibraSpa;
				PRODUCT_NAME = "$(TARGET_NAME)";
				SDKROOT = auto;
				SUPPORTED_PLATFORMS = "iphoneos iphonesimulator macosx";
				SWIFT_EMIT_LOC_STRINGS = YES;
				SWIFT_VERSION = 5.0;
				TARGETED_DEVICE_FAMILY = "1,2";
			};
			name = Release;
		};
		914BF69D2C2B3D5400BDE4E0 /* Debug */ = {
			isa = XCBuildConfiguration;
			buildSettings = {
				ALWAYS_EMBED_SWIFT_STANDARD_LIBRARIES = YES;
				BUNDLE_LOADER = "$(TEST_HOST)";
				CODE_SIGN_STYLE = Automatic;
				CURRENT_PROJECT_VERSION = 1;
				DEVELOPMENT_TEAM = W354C4N4JZ;
				GENERATE_INFOPLIST_FILE = YES;
				IPHONEOS_DEPLOYMENT_TARGET = 17.5;
				MACOSX_DEPLOYMENT_TARGET = 14.5;
				MARKETING_VERSION = 1.0;
				PRODUCT_BUNDLE_IDENTIFIER = judagonsa.SkilibraSpaTests;
				PRODUCT_NAME = "$(TARGET_NAME)";
				SDKROOT = auto;
				SUPPORTED_PLATFORMS = "iphoneos iphonesimulator macosx";
				SWIFT_EMIT_LOC_STRINGS = NO;
				SWIFT_VERSION = 5.0;
				TARGETED_DEVICE_FAMILY = "1,2";
				TEST_HOST = "$(BUILT_PRODUCTS_DIR)/SkilibraSpa.app/$(BUNDLE_EXECUTABLE_FOLDER_PATH)/SkilibraSpa";
			};
			name = Debug;
		};
		914BF69E2C2B3D5400BDE4E0 /* Release */ = {
			isa = XCBuildConfiguration;
			buildSettings = {
				ALWAYS_EMBED_SWIFT_STANDARD_LIBRARIES = YES;
				BUNDLE_LOADER = "$(TEST_HOST)";
				CODE_SIGN_STYLE = Automatic;
				CURRENT_PROJECT_VERSION = 1;
				DEVELOPMENT_TEAM = W354C4N4JZ;
				GENERATE_INFOPLIST_FILE = YES;
				IPHONEOS_DEPLOYMENT_TARGET = 17.5;
				MACOSX_DEPLOYMENT_TARGET = 14.5;
				MARKETING_VERSION = 1.0;
				PRODUCT_BUNDLE_IDENTIFIER = judagonsa.SkilibraSpaTests;
				PRODUCT_NAME = "$(TARGET_NAME)";
				SDKROOT = auto;
				SUPPORTED_PLATFORMS = "iphoneos iphonesimulator macosx";
				SWIFT_EMIT_LOC_STRINGS = NO;
				SWIFT_VERSION = 5.0;
				TARGETED_DEVICE_FAMILY = "1,2";
				TEST_HOST = "$(BUILT_PRODUCTS_DIR)/SkilibraSpa.app/$(BUNDLE_EXECUTABLE_FOLDER_PATH)/SkilibraSpa";
			};
			name = Release;
		};
		914BF6A02C2B3D5400BDE4E0 /* Debug */ = {
			isa = XCBuildConfiguration;
			buildSettings = {
				ALWAYS_EMBED_SWIFT_STANDARD_LIBRARIES = YES;
				CODE_SIGN_STYLE = Automatic;
				CURRENT_PROJECT_VERSION = 1;
				DEVELOPMENT_TEAM = W354C4N4JZ;
				GENERATE_INFOPLIST_FILE = YES;
				IPHONEOS_DEPLOYMENT_TARGET = 17.5;
				MACOSX_DEPLOYMENT_TARGET = 14.5;
				MARKETING_VERSION = 1.0;
				PRODUCT_BUNDLE_IDENTIFIER = judagonsa.SkilibraSpaUITests;
				PRODUCT_NAME = "$(TARGET_NAME)";
				SDKROOT = auto;
				SUPPORTED_PLATFORMS = "iphoneos iphonesimulator macosx";
				SWIFT_EMIT_LOC_STRINGS = NO;
				SWIFT_VERSION = 5.0;
				TARGETED_DEVICE_FAMILY = "1,2";
				TEST_TARGET_NAME = SkilibraSpa;
			};
			name = Debug;
		};
		914BF6A12C2B3D5400BDE4E0 /* Release */ = {
			isa = XCBuildConfiguration;
			buildSettings = {
				ALWAYS_EMBED_SWIFT_STANDARD_LIBRARIES = YES;
				CODE_SIGN_STYLE = Automatic;
				CURRENT_PROJECT_VERSION = 1;
				DEVELOPMENT_TEAM = W354C4N4JZ;
				GENERATE_INFOPLIST_FILE = YES;
				IPHONEOS_DEPLOYMENT_TARGET = 17.5;
				MACOSX_DEPLOYMENT_TARGET = 14.5;
				MARKETING_VERSION = 1.0;
				PRODUCT_BUNDLE_IDENTIFIER = judagonsa.SkilibraSpaUITests;
				PRODUCT_NAME = "$(TARGET_NAME)";
				SDKROOT = auto;
				SUPPORTED_PLATFORMS = "iphoneos iphonesimulator macosx";
				SWIFT_EMIT_LOC_STRINGS = NO;
				SWIFT_VERSION = 5.0;
				TARGETED_DEVICE_FAMILY = "1,2";
				TEST_TARGET_NAME = SkilibraSpa;
			};
			name = Release;
		};
/* End XCBuildConfiguration section */

/* Begin XCConfigurationList section */
		914BF66F2C2B3D5300BDE4E0 /* Build configuration list for PBXProject "SkilibraSpa" */ = {
			isa = XCConfigurationList;
			buildConfigurations = (
				914BF6972C2B3D5400BDE4E0 /* Debug */,
				914BF6982C2B3D5400BDE4E0 /* Release */,
			);
			defaultConfigurationIsVisible = 0;
			defaultConfigurationName = Release;
		};
		914BF6992C2B3D5400BDE4E0 /* Build configuration list for PBXNativeTarget "SkilibraSpa" */ = {
			isa = XCConfigurationList;
			buildConfigurations = (
				914BF69A2C2B3D5400BDE4E0 /* Debug */,
				914BF69B2C2B3D5400BDE4E0 /* Release */,
			);
			defaultConfigurationIsVisible = 0;
			defaultConfigurationName = Release;
		};
		914BF69C2C2B3D5400BDE4E0 /* Build configuration list for PBXNativeTarget "SkilibraSpaTests" */ = {
			isa = XCConfigurationList;
			buildConfigurations = (
				914BF69D2C2B3D5400BDE4E0 /* Debug */,
				914BF69E2C2B3D5400BDE4E0 /* Release */,
			);
			defaultConfigurationIsVisible = 0;
			defaultConfigurationName = Release;
		};
		914BF69F2C2B3D5400BDE4E0 /* Build configuration list for PBXNativeTarget "SkilibraSpaUITests" */ = {
			isa = XCConfigurationList;
			buildConfigurations = (
				914BF6A02C2B3D5400BDE4E0 /* Debug */,
				914BF6A12C2B3D5400BDE4E0 /* Release */,
			);
			defaultConfigurationIsVisible = 0;
			defaultConfigurationName = Release;
		};
/* End XCConfigurationList section */
	};
	rootObject = 914BF66C2C2B3D5300BDE4E0 /* Project object */;
}
